{
  "name": "@sominsart/mutant",
  "version": "0.1.0-alpha.1",
  "lockfileVersion": 3,
  "requires": true,
  "packages": {
    "": {
      "name": "@sominsart/mutant",
      "version": "0.1.0-alpha.1",
      "bin": {
        "mutant": "src/cli.js"
      },
      "engines": {
        "node": ">=20"
      }
    }
  }
}

